# This file was autogenerated by Stack.
# You should not edit this file by hand.
# For more information, please see the documentation at:
#   https://docs.haskellstack.org/en/stable/lock_files

packages:
- completed:
    pantry-tree:
      sha256: 75d147956a84025f73234eaa43b6b6f7a4099923c761505ace7a7938204012cc
      size: 532
    hackage: hspec-2.6.1@sha256:2abaa8bed30616e123c36745059b6f7bf3de3d52f7220b38939d04c0a805b7e9,1769
  original:
    hackage: hspec-2.6.1
snapshots:
- completed:
    sha256: f1c4aca9b9b81afbb9db55571acb0690cdc01ac97a178234de281f9dc075e95e
    size: 618506
    url: https://raw.githubusercontent.com/commercialhaskell/stackage-snapshots/master/lts/19/8.yaml
  original: lts-19.8
